
Microsoft Visual Studio Solution File, Format Version 12.00
# Visual Studio 15
VisualStudioVersion = 15.0.26730.12
MinimumVisualStudioVersion = 10.0.40219.1
Project("{D954291E-2A0B-460D-934E-DC6B0785DB48}") = "App2", "App2\App2\App2.shproj", "{F8A89CBB-3697-4101-A3A7-FF833A8B267F}"
EndProject
Project("{FAE04EC0-301F-11D3-BF4B-00C04F79EFBC}") = "App2.Android", "App2\App2.Android\App2.Android.csproj", "{D1D4698E-A5EF-4DA6-BA59-116FE0A1F382}"
EndProject
Project("{FAE04EC0-301F-11D3-BF4B-00C04F79EFBC}") = "App2.iOS", "App2\App2.iOS\App2.iOS.csproj", "{8B789B1B-27D2-4681-86D6-62FBC797038C}"
EndProject
Project("{FAE04EC0-301F-11D3-BF4B-00C04F79EFBC}") = "App2.UWP", "App2\App2.UWP\App2.UWP.csproj", "{4F464105-C1DD-4A34-B1D2-294D2C68008B}"
EndProject
Global
	GlobalSection(SharedMSBuildProjectFiles) = preSolution
		App2\App2\App2.projitems*{4f464105-c1dd-4a34-b1d2-294d2c68008b}*SharedItemsImports = 4
		App2\App2\App2.projitems*{8b789b1b-27d2-4681-86d6-62fbc797038c}*SharedItemsImports = 4
		App2\App2\App2.projitems*{d1d4698e-a5ef-4da6-ba59-116fe0a1f382}*SharedItemsImports = 4
		App2\App2\App2.projitems*{f8a89cbb-3697-4101-a3a7-ff833a8b267f}*SharedItemsImports = 13
	EndGlobalSection
	GlobalSection(SolutionConfigurationPlatforms) = preSolution
		Ad-Hoc|Any CPU = Ad-Hoc|Any CPU
		Ad-Hoc|ARM = Ad-Hoc|ARM
		Ad-Hoc|iPhone = Ad-Hoc|iPhone
		Ad-Hoc|iPhoneSimulator = Ad-Hoc|iPhoneSimulator
		Ad-Hoc|x64 = Ad-Hoc|x64
		Ad-Hoc|x86 = Ad-Hoc|x86
		AppStore|Any CPU = AppStore|Any CPU
		AppStore|ARM = AppStore|ARM
		AppStore|iPhone = AppStore|iPhone
		AppStore|iPhoneSimulator = AppStore|iPhoneSimulator
		AppStore|x64 = AppStore|x64
		AppStore|x86 = AppStore|x86
		Debug|Any CPU = Debug|Any CPU
		Debug|ARM = Debug|ARM
		Debug|iPhone = Debug|iPhone
		Debug|iPhoneSimulator = Debug|iPhoneSimulator
		Debug|x64 = Debug|x64
		Debug|x86 = Debug|x86
		Release|Any CPU = Release|Any CPU
		Release|ARM = Release|ARM
		Release|iPhone = Release|iPhone
		Release|iPhoneSimulator = Release|iPhoneSimulator
		Release|x64 = Release|x64
		Release|x86 = Release|x86
	EndGlobalSection
	GlobalSection(ProjectConfigurationPlatforms) = postSolution
		{D1D4698E-A5EF-4DA6-BA59-116FE0A1F382}.Ad-Hoc|Any CPU.ActiveCfg = Release|Any CPU
		{D1D4698E-A5EF-4DA6-BA59-116FE0A1F382}.Ad-Hoc|Any CPU.Build.0 = Release|Any CPU
		{D1D4698E-A5EF-4DA6-BA59-116FE0A1F382}.Ad-Hoc|Any CPU.Deploy.0 = Release|Any CPU
		{D1D4698E-A5EF-4DA6-BA59-116FE0A1F382}.Ad-Hoc|ARM.ActiveCfg = Release|Any CPU
		{D1D4698E-A5EF-4DA6-BA59-116FE0A1F382}.Ad-Hoc|ARM.Build.0 = Release|Any CPU
		{D1D4698E-A5EF-4DA6-BA59-116FE0A1F382}.Ad-Hoc|ARM.Deploy.0 = Release|Any CPU
		{D1D4698E-A5EF-4DA6-BA59-116FE0A1F382}.Ad-Hoc|iPhone.ActiveCfg = Release|Any CPU
		{D1D4698E-A5EF-4DA6-BA59-116FE0A1F382}.Ad-Hoc|iPhone.Build.0 = Release|Any CPU
		{D1D4698E-A5EF-4DA6-BA59-116FE0A1F382}.Ad-Hoc|iPhone.Deploy.0 = Release|Any CPU
		{D1D4698E-A5EF-4DA6-BA59-116FE0A1F382}.Ad-Hoc|iPhoneSimulator.ActiveCfg = Release|Any CPU
		{D1D4698E-A5EF-4DA6-BA59-116FE0A1F382}.Ad-Hoc|iPhoneSimulator.Build.0 = Release|Any CPU
		{D1D4698E-A5EF-4DA6-BA59-116FE0A1F382}.Ad-Hoc|iPhoneSimulator.Deploy.0 = Release|Any CPU
		{D1D4698E-A5EF-4DA6-BA59-116FE0A1F382}.Ad-Hoc|x64.ActiveCfg = Release|Any CPU
		{D1D4698E-A5EF-4DA6-BA59-116FE0A1F382}.Ad-Hoc|x64.Build.0 = Release|Any CPU
		{D1D4698E-A5EF-4DA6-BA59-116FE0A1F382}.Ad-Hoc|x64.Deploy.0 = Release|Any CPU
		{D1D4698E-A5EF-4DA6-BA59-116FE0A1F382}.Ad-Hoc|x86.ActiveCfg = Release|Any CPU
		{D1D4698E-A5EF-4DA6-BA59-116FE0A1F382}.Ad-Hoc|x86.Build.0 = Release|Any CPU
		{D1D4698E-A5EF-4DA6-BA59-116FE0A1F382}.Ad-Hoc|x86.Deploy.0 = Release|Any CPU
		{D1D4698E-A5EF-4DA6-BA59-116FE0A1F382}.AppStore|Any CPU.ActiveCfg = Release|Any CPU
		{D1D4698E-A5EF-4DA6-BA59-116FE0A1F382}.AppStore|Any CPU.Build.0 = Release|Any CPU
		{D1D4698E-A5EF-4DA6-BA59-116FE0A1F382}.AppStore|Any CPU.Deploy.0 = Release|Any CPU
		{D1D4698E-A5EF-4DA6-BA59-116FE0A1F382}.AppStore|ARM.ActiveCfg = Release|Any CPU
		{D1D4698E-A5EF-4DA6-BA59-116FE0A1F382}.AppStore|ARM.Build.0 = Release|Any CPU
		{D1D4698E-A5EF-4DA6-BA59-116FE0A1F382}.AppStore|ARM.Deploy.0 = Release|Any CPU
		{D1D4698E-A5EF-4DA6-BA59-116FE0A1F382}.AppStore|iPhone.ActiveCfg = Release|Any CPU
		{D1D4698E-A5EF-4DA6-BA59-116FE0A1F382}.AppStore|iPhone.Build.0 = Release|Any CPU
		{D1D4698E-A5EF-4DA6-BA59-116FE0A1F382}.AppStore|iPhone.Deploy.0 = Release|Any CPU
		{D1D4698E-A5EF-4DA6-BA59-116FE0A1F382}.AppStore|iPhoneSimulator.ActiveCfg = Release|Any CPU
		{D1D4698E-A5EF-4DA6-BA59-116FE0A1F382}.AppStore|iPhoneSimulator.Build.0 = Release|Any CPU
		{D1D4698E-A5EF-4DA6-BA59-116FE0A1F382}.AppStore|iPhoneSimulator.Deploy.0 = Release|Any CPU
		{D1D4698E-A5EF-4DA6-BA59-116FE0A1F382}.AppStore|x64.ActiveCfg = Release|Any CPU
		{D1D4698E-A5EF-4DA6-BA59-116FE0A1F382}.AppStore|x64.Build.0 = Release|Any CPU
		{D1D4698E-A5EF-4DA6-BA59-116FE0A1F382}.AppStore|x64.Deploy.0 = Release|Any CPU
		{D1D4698E-A5EF-4DA6-BA59-116FE0A1F382}.AppStore|x86.ActiveCfg = Release|Any CPU
		{D1D4698E-A5EF-4DA6-BA59-116FE0A1F382}.AppStore|x86.Build.0 = Release|Any CPU
		{D1D4698E-A5EF-4DA6-BA59-116FE0A1F382}.AppStore|x86.Deploy.0 = Release|Any CPU
		{D1D4698E-A5EF-4DA6-BA59-116FE0A1F382}.Debug|Any CPU.ActiveCfg = Debug|Any CPU
		{D1D4698E-A5EF-4DA6-BA59-116FE0A1F382}.Debug|Any CPU.Build.0 = Debug|Any CPU
		{D1D4698E-A5EF-4DA6-BA59-116FE0A1F382}.Debug|Any CPU.Deploy.0 = Debug|Any CPU
		{D1D4698E-A5EF-4DA6-BA59-116FE0A1F382}.Debug|ARM.ActiveCfg = Debug|Any CPU
		{D1D4698E-A5EF-4DA6-BA59-116FE0A1F382}.Debug|ARM.Build.0 = Debug|Any CPU
		{D1D4698E-A5EF-4DA6-BA59-116FE0A1F382}.Debug|ARM.Deploy.0 = Debug|Any CPU
		{D1D4698E-A5EF-4DA6-BA59-116FE0A1F382}.Debug|iPhone.ActiveCfg = Debug|Any CPU
		{D1D4698E-A5EF-4DA6-BA59-116FE0A1F382}.Debug|iPhone.Build.0 = Debug|Any CPU
		{D1D4698E-A5EF-4DA6-BA59-116FE0A1F382}.Debug|iPhone.Deploy.0 = Debug|Any CPU
		{D1D4698E-A5EF-4DA6-BA59-116FE0A1F382}.Debug|iPhoneSimulator.ActiveCfg = Debug|Any CPU
		{D1D4698E-A5EF-4DA6-BA59-116FE0A1F382}.Debug|iPhoneSimulator.Build.0 = Debug|Any CPU
		{D1D4698E-A5EF-4DA6-BA59-116FE0A1F382}.Debug|iPhoneSimulator.Deploy.0 = Debug|Any CPU
		{D1D4698E-A5EF-4DA6-BA59-116FE0A1F382}.Debug|x64.ActiveCfg = Debug|Any CPU
		{D1D4698E-A5EF-4DA6-BA59-116FE0A1F382}.Debug|x64.Build.0 = Debug|Any CPU
		{D1D4698E-A5EF-4DA6-BA59-116FE0A1F382}.Debug|x64.Deploy.0 = Debug|Any CPU
		{D1D4698E-A5EF-4DA6-BA59-116FE0A1F382}.Debug|x86.ActiveCfg = Debug|Any CPU
		{D1D4698E-A5EF-4DA6-BA59-116FE0A1F382}.Debug|x86.Build.0 = Debug|Any CPU
		{D1D4698E-A5EF-4DA6-BA59-116FE0A1F382}.Debug|x86.Deploy.0 = Debug|Any CPU
		{D1D4698E-A5EF-4DA6-BA59-116FE0A1F382}.Release|Any CPU.ActiveCfg = Release|Any CPU
		{D1D4698E-A5EF-4DA6-BA59-116FE0A1F382}.Release|Any CPU.Build.0 = Release|Any CPU
		{D1D4698E-A5EF-4DA6-BA59-116FE0A1F382}.Release|Any CPU.Deploy.0 = Release|Any CPU
		{D1D4698E-A5EF-4DA6-BA59-116FE0A1F382}.Release|ARM.ActiveCfg = Release|Any CPU
		{D1D4698E-A5EF-4DA6-BA59-116FE0A1F382}.Release|ARM.Build.0 = Release|Any CPU
		{D1D4698E-A5EF-4DA6-BA59-116FE0A1F382}.Release|ARM.Deploy.0 = Release|Any CPU
		{D1D4698E-A5EF-4DA6-BA59-116FE0A1F382}.Release|iPhone.ActiveCfg = Release|Any CPU
		{D1D4698E-A5EF-4DA6-BA59-116FE0A1F382}.Release|iPhone.Build.0 = Release|Any CPU
		{D1D4698E-A5EF-4DA6-BA59-116FE0A1F382}.Release|iPhone.Deploy.0 = Release|Any CPU
		{D1D4698E-A5EF-4DA6-BA59-116FE0A1F382}.Release|iPhoneSimulator.ActiveCfg = Release|Any CPU
		{D1D4698E-A5EF-4DA6-BA59-116FE0A1F382}.Release|iPhoneSimulator.Build.0 = Release|Any CPU
		{D1D4698E-A5EF-4DA6-BA59-116FE0A1F382}.Release|iPhoneSimulator.Deploy.0 = Release|Any CPU
		{D1D4698E-A5EF-4DA6-BA59-116FE0A1F382}.Release|x64.ActiveCfg = Release|Any CPU
		{D1D4698E-A5EF-4DA6-BA59-116FE0A1F382}.Release|x64.Build.0 = Release|Any CPU
		{D1D4698E-A5EF-4DA6-BA59-116FE0A1F382}.Release|x64.Deploy.0 = Release|Any CPU
		{D1D4698E-A5EF-4DA6-BA59-116FE0A1F382}.Release|x86.ActiveCfg = Release|Any CPU
		{D1D4698E-A5EF-4DA6-BA59-116FE0A1F382}.Release|x86.Build.0 = Release|Any CPU
		{D1D4698E-A5EF-4DA6-BA59-116FE0A1F382}.Release|x86.Deploy.0 = Release|Any CPU
		{8B789B1B-27D2-4681-86D6-62FBC797038C}.Ad-Hoc|Any CPU.ActiveCfg = Ad-Hoc|iPhone
		{8B789B1B-27D2-4681-86D6-62FBC797038C}.Ad-Hoc|ARM.ActiveCfg = Ad-Hoc|iPhone
		{8B789B1B-27D2-4681-86D6-62FBC797038C}.Ad-Hoc|iPhone.ActiveCfg = Ad-Hoc|iPhone
		{8B789B1B-27D2-4681-86D6-62FBC797038C}.Ad-Hoc|iPhone.Build.0 = Ad-Hoc|iPhone
		{8B789B1B-27D2-4681-86D6-62FBC797038C}.Ad-Hoc|iPhoneSimulator.ActiveCfg = Ad-Hoc|iPhoneSimulator
		{8B789B1B-27D2-4681-86D6-62FBC797038C}.Ad-Hoc|iPhoneSimulator.Build.0 = Ad-Hoc|iPhoneSimulator
		{8B789B1B-27D2-4681-86D6-62FBC797038C}.Ad-Hoc|x64.ActiveCfg = Ad-Hoc|iPhone
		{8B789B1B-27D2-4681-86D6-62FBC797038C}.Ad-Hoc|x86.ActiveCfg = Ad-Hoc|iPhone
		{8B789B1B-27D2-4681-86D6-62FBC797038C}.AppStore|Any CPU.ActiveCfg = AppStore|iPhone
		{8B789B1B-27D2-4681-86D6-62FBC797038C}.AppStore|ARM.ActiveCfg = AppStore|iPhone
		{8B789B1B-27D2-4681-86D6-62FBC797038C}.AppStore|iPhone.ActiveCfg = AppStore|iPhone
		{8B789B1B-27D2-4681-86D6-62FBC797038C}.AppStore|iPhone.Build.0 = AppStore|iPhone
		{8B789B1B-27D2-4681-86D6-62FBC797038C}.AppStore|iPhoneSimulator.ActiveCfg = AppStore|iPhoneSimulator
		{8B789B1B-27D2-4681-86D6-62FBC797038C}.AppStore|iPhoneSimulator.Build.0 = AppStore|iPhoneSimulator
		{8B789B1B-27D2-4681-86D6-62FBC797038C}.AppStore|x64.ActiveCfg = AppStore|iPhone
		{8B789B1B-27D2-4681-86D6-62FBC797038C}.AppStore|x86.ActiveCfg = AppStore|iPhone
		{8B789B1B-27D2-4681-86D6-62FBC797038C}.Debug|Any CPU.ActiveCfg = Debug|iPhone
		{8B789B1B-27D2-4681-86D6-62FBC797038C}.Debug|ARM.ActiveCfg = Debug|iPhone
		{8B789B1B-27D2-4681-86D6-62FBC797038C}.Debug|iPhone.ActiveCfg = Debug|iPhone
		{8B789B1B-27D2-4681-86D6-62FBC797038C}.Debug|iPhone.Build.0 = Debug|iPhone
		{8B789B1B-27D2-4681-86D6-62FBC797038C}.Debug|iPhoneSimulator.ActiveCfg = Debug|iPhoneSimulator
		{8B789B1B-27D2-4681-86D6-62FBC797038C}.Debug|iPhoneSimulator.Build.0 = Debug|iPhoneSimulator
		{8B789B1B-27D2-4681-86D6-62FBC797038C}.Debug|x64.ActiveCfg = Debug|iPhone
		{8B789B1B-27D2-4681-86D6-62FBC797038C}.Debug|x86.ActiveCfg = Debug|iPhone
		{8B789B1B-27D2-4681-86D6-62FBC797038C}.Release|Any CPU.ActiveCfg = Release|iPhone
		{8B789B1B-27D2-4681-86D6-62FBC797038C}.Release|ARM.ActiveCfg = Release|iPhone
		{8B789B1B-27D2-4681-86D6-62FBC797038C}.Release|iPhone.ActiveCfg = Release|iPhone
		{8B789B1B-27D2-4681-86D6-62FBC797038C}.Release|iPhone.Build.0 = Release|iPhone
		{8B789B1B-27D2-4681-86D6-62FBC797038C}.Release|iPhoneSimulator.ActiveCfg = Release|iPhoneSimulator
		{8B789B1B-27D2-4681-86D6-62FBC797038C}.Release|iPhoneSimulator.Build.0 = Release|iPhoneSimulator
		{8B789B1B-27D2-4681-86D6-62FBC797038C}.Release|x64.ActiveCfg = Release|iPhone
		{8B789B1B-27D2-4681-86D6-62FBC797038C}.Release|x86.ActiveCfg = Release|iPhone
		{4F464105-C1DD-4A34-B1D2-294D2C68008B}.Ad-Hoc|Any CPU.ActiveCfg = Release|x86
		{4F464105-C1DD-4A34-B1D2-294D2C68008B}.Ad-Hoc|Any CPU.Build.0 = Release|x86
		{4F464105-C1DD-4A34-B1D2-294D2C68008B}.Ad-Hoc|Any CPU.Deploy.0 = Release|x86
		{4F464105-C1DD-4A34-B1D2-294D2C68008B}.Ad-Hoc|ARM.ActiveCfg = Release|ARM
		{4F464105-C1DD-4A34-B1D2-294D2C68008B}.Ad-Hoc|ARM.Build.0 = Release|ARM
		{4F464105-C1DD-4A34-B1D2-294D2C68008B}.Ad-Hoc|ARM.Deploy.0 = Release|ARM
		{4F464105-C1DD-4A34-B1D2-294D2C68008B}.Ad-Hoc|iPhone.ActiveCfg = Release|x86
		{4F464105-C1DD-4A34-B1D2-294D2C68008B}.Ad-Hoc|iPhone.Build.0 = Release|x86
		{4F464105-C1DD-4A34-B1D2-294D2C68008B}.Ad-Hoc|iPhone.Deploy.0 = Release|x86
		{4F464105-C1DD-4A34-B1D2-294D2C68008B}.Ad-Hoc|iPhoneSimulator.ActiveCfg = Release|x86
		{4F464105-C1DD-4A34-B1D2-294D2C68008B}.Ad-Hoc|iPhoneSimulator.Build.0 = Release|x86
		{4F464105-C1DD-4A34-B1D2-294D2C68008B}.Ad-Hoc|iPhoneSimulator.Deploy.0 = Release|x86
		{4F464105-C1DD-4A34-B1D2-294D2C68008B}.Ad-Hoc|x64.ActiveCfg = Release|x64
		{4F464105-C1DD-4A34-B1D2-294D2C68008B}.Ad-Hoc|x64.Build.0 = Release|x64
		{4F464105-C1DD-4A34-B1D2-294D2C68008B}.Ad-Hoc|x64.Deploy.0 = Release|x64
		{4F464105-C1DD-4A34-B1D2-294D2C68008B}.Ad-Hoc|x86.ActiveCfg = Release|x86
		{4F464105-C1DD-4A34-B1D2-294D2C68008B}.Ad-Hoc|x86.Build.0 = Release|x86
		{4F464105-C1DD-4A34-B1D2-294D2C68008B}.Ad-Hoc|x86.Deploy.0 = Release|x86
		{4F464105-C1DD-4A34-B1D2-294D2C68008B}.AppStore|Any CPU.ActiveCfg = Release|x86
		{4F464105-C1DD-4A34-B1D2-294D2C68008B}.AppStore|Any CPU.Build.0 = Release|x86
		{4F464105-C1DD-4A34-B1D2-294D2C68008B}.AppStore|Any CPU.Deploy.0 = Release|x86
		{4F464105-C1DD-4A34-B1D2-294D2C68008B}.AppStore|ARM.ActiveCfg = Release|ARM
		{4F464105-C1DD-4A34-B1D2-294D2C68008B}.AppStore|ARM.Build.0 = Release|ARM
		{4F464105-C1DD-4A34-B1D2-294D2C68008B}.AppStore|ARM.Deploy.0 = Release|ARM
		{4F464105-C1DD-4A34-B1D2-294D2C68008B}.AppStore|iPhone.ActiveCfg = Release|x86
		{4F464105-C1DD-4A34-B1D2-294D2C68008B}.AppStore|iPhone.Build.0 = Release|x86
		{4F464105-C1DD-4A34-B1D2-294D2C68008B}.AppStore|iPhone.Deploy.0 = Release|x86
		{4F464105-C1DD-4A34-B1D2-294D2C68008B}.AppStore|iPhoneSimulator.ActiveCfg = Release|x86
		{4F464105-C1DD-4A34-B1D2-294D2C68008B}.AppStore|iPhoneSimulator.Build.0 = Release|x86
		{4F464105-C1DD-4A34-B1D2-294D2C68008B}.AppStore|iPhoneSimulator.Deploy.0 = Release|x86
		{4F464105-C1DD-4A34-B1D2-294D2C68008B}.AppStore|x64.ActiveCfg = Release|x64
		{4F464105-C1DD-4A34-B1D2-294D2C68008B}.AppStore|x64.Build.0 = Release|x64
		{4F464105-C1DD-4A34-B1D2-294D2C68008B}.AppStore|x64.Deploy.0 = Release|x64
		{4F464105-C1DD-4A34-B1D2-294D2C68008B}.AppStore|x86.ActiveCfg = Release|x86
		{4F464105-C1DD-4A34-B1D2-294D2C68008B}.AppStore|x86.Build.0 = Release|x86
		{4F464105-C1DD-4A34-B1D2-294D2C68008B}.AppStore|x86.Deploy.0 = Release|x86
		{4F464105-C1DD-4A34-B1D2-294D2C68008B}.Debug|Any CPU.ActiveCfg = Debug|x86
		{4F464105-C1DD-4A34-B1D2-294D2C68008B}.Debug|ARM.ActiveCfg = Debug|ARM
		{4F464105-C1DD-4A34-B1D2-294D2C68008B}.Debug|ARM.Build.0 = Debug|ARM
		{4F464105-C1DD-4A34-B1D2-294D2C68008B}.Debug|ARM.Deploy.0 = Debug|ARM
		{4F464105-C1DD-4A34-B1D2-294D2C68008B}.Debug|iPhone.ActiveCfg = Debug|x86
		{4F464105-C1DD-4A34-B1D2-294D2C68008B}.Debug|iPhoneSimulator.ActiveCfg = Debug|x86
		{4F464105-C1DD-4A34-B1D2-294D2C68008B}.Debug|x64.ActiveCfg = Debug|x64
		{4F464105-C1DD-4A34-B1D2-294D2C68008B}.Debug|x64.Build.0 = Debug|x64
		{4F464105-C1DD-4A34-B1D2-294D2C68008B}.Debug|x64.Deploy.0 = Debug|x64
		{4F464105-C1DD-4A34-B1D2-294D2C68008B}.Debug|x86.ActiveCfg = Debug|x86
		{4F464105-C1DD-4A34-B1D2-294D2C68008B}.Debug|x86.Build.0 = Debug|x86
		{4F464105-C1DD-4A34-B1D2-294D2C68008B}.Debug|x86.Deploy.0 = Debug|x86
		{4F464105-C1DD-4A34-B1D2-294D2C68008B}.Release|Any CPU.ActiveCfg = Release|x86
		{4F464105-C1DD-4A34-B1D2-294D2C68008B}.Release|ARM.ActiveCfg = Release|ARM
		{4F464105-C1DD-4A34-B1D2-294D2C68008B}.Release|ARM.Build.0 = Release|ARM
		{4F464105-C1DD-4A34-B1D2-294D2C68008B}.Release|ARM.Deploy.0 = Release|ARM
		{4F464105-C1DD-4A34-B1D2-294D2C68008B}.Release|iPhone.ActiveCfg = Release|x86
		{4F464105-C1DD-4A34-B1D2-294D2C68008B}.Release|iPhoneSimulator.ActiveCfg = Release|x86
		{4F464105-C1DD-4A34-B1D2-294D2C68008B}.Release|x64.ActiveCfg = Release|x64
		{4F464105-C1DD-4A34-B1D2-294D2C68008B}.Release|x64.Build.0 = Release|x64
		{4F464105-C1DD-4A34-B1D2-294D2C68008B}.Release|x64.Deploy.0 = Release|x64
		{4F464105-C1DD-4A34-B1D2-294D2C68008B}.Release|x86.ActiveCfg = Release|x86
		{4F464105-C1DD-4A34-B1D2-294D2C68008B}.Release|x86.Build.0 = Release|x86
		{4F464105-C1DD-4A34-B1D2-294D2C68008B}.Release|x86.Deploy.0 = Release|x86
	EndGlobalSection
	GlobalSection(SolutionProperties) = preSolution
		HideSolutionNode = FALSE
	EndGlobalSection
	GlobalSection(ExtensibilityGlobals) = postSolution
		SolutionGuid = {24F098BC-675E-4068-B1EA-AB5C3129F00B}
	EndGlobalSection
EndGlobal
